crg.eti.br/go/config v1.4.13 h1:N8qnS7JTYafJWNScsiEwAfH4VWGXowkNXt7xBqRmP/w=
crg.eti.br/go/config v1.4.13/go.mod h1:hI7cWzMLNlhnC2fGyGa37+Gz4K+khjWailvDYWXe9N4=
github.com/google/uuid v1.3.0 h1:t6JiXgmwXMjEs8VusXIJk2BXHsn+wx8BZdTaoZ5fu7I=
github.com/google/uuid v1.3.0/go.mod h1:TIyPZe4MgqvfeYDBFedMoGGpEw/LqOeaOT+nhxU+yHo=
